
Microsoft Visual Studio Solution File, Format Version 12.00
# Visual Studio Version 16
VisualStudioVersion = 16.0.31129.286
MinimumVisualStudioVersion = 10.0.40219.1
Project("{FAE04EC0-301F-11D3-BF4B-00C04F79EFBC}") = "TipoDelegate", "TipoDelegate\TipoDelegate.csproj", "{9CCBA865-401A-4681-ABA5-DCC965801EFB}"
EndProject
Project("{FAE04EC0-301F-11D3-BF4B-00C04F79EFBC}") = "Metodo", "Metodo\Metodo.csproj", "{546CAB68-C095-4C12-9954-28C4816C698F}"
EndProject
Project("{FAE04EC0-301F-11D3-BF4B-00C04F79EFBC}") = "MetodoConstrutor", "MetodoConstrutor\MetodoConstrutor.csproj", "{4CB0B262-B2F2-47F2-A493-47479D631031}"
EndProject
Project("{FAE04EC0-301F-11D3-BF4B-00C04F79EFBC}") = "ClassesMetodosEstaticos", "ClassesMetodosEstaticos\ClassesMetodosEstaticos.csproj", "{D8FBB269-230A-4419-8E73-D698CF13877C}"
EndProject
Project("{FAE04EC0-301F-11D3-BF4B-00C04F79EFBC}") = "Heranca", "Heranca\Heranca.csproj", "{DDC00018-A372-42BA-9511-F85BF4322A25}"
EndProject
Project("{FAE04EC0-301F-11D3-BF4B-00C04F79EFBC}") = "Polimorfismo", "Polimorfismo\Polimorfismo.csproj", "{84FF18A3-BDEF-4FA6-BE92-CB4CF1BFAF1E}"
EndProject
Global
	GlobalSection(SolutionConfigurationPlatforms) = preSolution
		Debug|Any CPU = Debug|Any CPU
		Release|Any CPU = Release|Any CPU
	EndGlobalSection
	GlobalSection(ProjectConfigurationPlatforms) = postSolution
		{9CCBA865-401A-4681-ABA5-DCC965801EFB}.Debug|Any CPU.ActiveCfg = Debug|Any CPU
		{9CCBA865-401A-4681-ABA5-DCC965801EFB}.Debug|Any CPU.Build.0 = Debug|Any CPU
		{9CCBA865-401A-4681-ABA5-DCC965801EFB}.Release|Any CPU.ActiveCfg = Release|Any CPU
		{9CCBA865-401A-4681-ABA5-DCC965801EFB}.Release|Any CPU.Build.0 = Release|Any CPU
		{546CAB68-C095-4C12-9954-28C4816C698F}.Debug|Any CPU.ActiveCfg = Debug|Any CPU
		{546CAB68-C095-4C12-9954-28C4816C698F}.Debug|Any CPU.Build.0 = Debug|Any CPU
		{546CAB68-C095-4C12-9954-28C4816C698F}.Release|Any CPU.ActiveCfg = Release|Any CPU
		{546CAB68-C095-4C12-9954-28C4816C698F}.Release|Any CPU.Build.0 = Release|Any CPU
		{4CB0B262-B2F2-47F2-A493-47479D631031}.Debug|Any CPU.ActiveCfg = Debug|Any CPU
		{4CB0B262-B2F2-47F2-A493-47479D631031}.Debug|Any CPU.Build.0 = Debug|Any CPU
		{4CB0B262-B2F2-47F2-A493-47479D631031}.Release|Any CPU.ActiveCfg = Release|Any CPU
		{4CB0B262-B2F2-47F2-A493-47479D631031}.Release|Any CPU.Build.0 = Release|Any CPU
		{D8FBB269-230A-4419-8E73-D698CF13877C}.Debug|Any CPU.ActiveCfg = Debug|Any CPU
		{D8FBB269-230A-4419-8E73-D698CF13877C}.Debug|Any CPU.Build.0 = Debug|Any CPU
		{D8FBB269-230A-4419-8E73-D698CF13877C}.Release|Any CPU.ActiveCfg = Release|Any CPU
		{D8FBB269-230A-4419-8E73-D698CF13877C}.Release|Any CPU.Build.0 = Release|Any CPU
		{DDC00018-A372-42BA-9511-F85BF4322A25}.Debug|Any CPU.ActiveCfg = Debug|Any CPU
		{DDC00018-A372-42BA-9511-F85BF4322A25}.Debug|Any CPU.Build.0 = Debug|Any CPU
		{DDC00018-A372-42BA-9511-F85BF4322A25}.Release|Any CPU.ActiveCfg = Release|Any CPU
		{DDC00018-A372-42BA-9511-F85BF4322A25}.Release|Any CPU.Build.0 = Release|Any CPU
		{84FF18A3-BDEF-4FA6-BE92-CB4CF1BFAF1E}.Debug|Any CPU.ActiveCfg = Debug|Any CPU
		{84FF18A3-BDEF-4FA6-BE92-CB4CF1BFAF1E}.Debug|Any CPU.Build.0 = Debug|Any CPU
		{84FF18A3-BDEF-4FA6-BE92-CB4CF1BFAF1E}.Release|Any CPU.ActiveCfg = Release|Any CPU
		{84FF18A3-BDEF-4FA6-BE92-CB4CF1BFAF1E}.Release|Any CPU.Build.0 = Release|Any CPU
	EndGlobalSection
	GlobalSection(SolutionProperties) = preSolution
		HideSolutionNode = FALSE
	EndGlobalSection
	GlobalSection(ExtensibilityGlobals) = postSolution
		SolutionGuid = {A2C876E5-641C-4015-838F-65EB36E961D9}
	EndGlobalSection
EndGlobal
