
Microsoft Visual Studio Solution File, Format Version 12.00
# Visual Studio Version 16
VisualStudioVersion = 16.0.31129.286
MinimumVisualStudioVersion = 10.0.40219.1
Project("{FAE04EC0-301F-11D3-BF4B-00C04F79EFBC}") = "TipoDelegate", "TipoDelegate\TipoDelegate.csproj", "{9CCBA865-401A-4681-ABA5-DCC965801EFB}"
EndProject
Project("{FAE04EC0-301F-11D3-BF4B-00C04F79EFBC}") = "Metodo", "Metodo\Metodo.csproj", "{546CAB68-C095-4C12-9954-28C4816C698F}"
EndProject
Global
	GlobalSection(SolutionConfigurationPlatforms) = preSolution
		Debug|Any CPU = Debug|Any CPU
		Release|Any CPU = Release|Any CPU
	EndGlobalSection
	GlobalSection(ProjectConfigurationPlatforms) = postSolution
		{9CCBA865-401A-4681-ABA5-DCC965801EFB}.Debug|Any CPU.ActiveCfg = Debug|Any CPU
		{9CCBA865-401A-4681-ABA5-DCC965801EFB}.Debug|Any CPU.Build.0 = Debug|Any CPU
		{9CCBA865-401A-4681-ABA5-DCC965801EFB}.Release|Any CPU.ActiveCfg = Release|Any CPU
		{9CCBA865-401A-4681-ABA5-DCC965801EFB}.Release|Any CPU.Build.0 = Release|Any CPU
		{546CAB68-C095-4C12-9954-28C4816C698F}.Debug|Any CPU.ActiveCfg = Debug|Any CPU
		{546CAB68-C095-4C12-9954-28C4816C698F}.Debug|Any CPU.Build.0 = Debug|Any CPU
		{546CAB68-C095-4C12-9954-28C4816C698F}.Release|Any CPU.ActiveCfg = Release|Any CPU
		{546CAB68-C095-4C12-9954-28C4816C698F}.Release|Any CPU.Build.0 = Release|Any CPU
	EndGlobalSection
	GlobalSection(SolutionProperties) = preSolution
		HideSolutionNode = FALSE
	EndGlobalSection
	GlobalSection(ExtensibilityGlobals) = postSolution
		SolutionGuid = {A2C876E5-641C-4015-838F-65EB36E961D9}
	EndGlobalSection
EndGlobal
